
Microsoft Visual Studio Solution File, Format Version 12.00
# Visual Studio Version 16
VisualStudioVersion = 16.0.29411.108
MinimumVisualStudioVersion = 10.0.40219.1
Project("{9A19103F-16F7-4668-BE54-9A1E7A4F7556}") = "Hackathon.VALIA.WEB", "Hackathon.VALIA.WEB\Hackathon.VALIA.WEB.csproj", "{04B9DDB3-E563-4EAC-AB8A-E1F481F36BDB}"
EndProject
Project("{FAE04EC0-301F-11D3-BF4B-00C04F79EFBC}") = "Hackathon.VALIA.Motor", "Hackathon.VALIA.Motor\Hackathon.VALIA.Motor.csproj", "{F2FF93BA-75EE-4F71-98FA-7AD2022A4559}"
EndProject
Global
	GlobalSection(SolutionConfigurationPlatforms) = preSolution
		Debug|Any CPU = Debug|Any CPU
		Release|Any CPU = Release|Any CPU
	EndGlobalSection
	GlobalSection(ProjectConfigurationPlatforms) = postSolution
		{04B9DDB3-E563-4EAC-AB8A-E1F481F36BDB}.Debug|Any CPU.ActiveCfg = Debug|Any CPU
		{04B9DDB3-E563-4EAC-AB8A-E1F481F36BDB}.Debug|Any CPU.Build.0 = Debug|Any CPU
		{04B9DDB3-E563-4EAC-AB8A-E1F481F36BDB}.Release|Any CPU.ActiveCfg = Release|Any CPU
		{04B9DDB3-E563-4EAC-AB8A-E1F481F36BDB}.Release|Any CPU.Build.0 = Release|Any CPU
		{F2FF93BA-75EE-4F71-98FA-7AD2022A4559}.Debug|Any CPU.ActiveCfg = Debug|Any CPU
		{F2FF93BA-75EE-4F71-98FA-7AD2022A4559}.Debug|Any CPU.Build.0 = Debug|Any CPU
		{F2FF93BA-75EE-4F71-98FA-7AD2022A4559}.Release|Any CPU.ActiveCfg = Release|Any CPU
		{F2FF93BA-75EE-4F71-98FA-7AD2022A4559}.Release|Any CPU.Build.0 = Release|Any CPU
	EndGlobalSection
	GlobalSection(SolutionProperties) = preSolution
		HideSolutionNode = FALSE
	EndGlobalSection
	GlobalSection(ExtensibilityGlobals) = postSolution
		SolutionGuid = {D1D201B8-746B-4C76-A06A-1CCDC7D33C1C}
	EndGlobalSection
EndGlobal
